// !$*UTF8*$!
{
	archiveVersion = 1;
	classes = {
	};
	objectVersion = 50;
	objects = {

/* Begin PBXBuildFile section */
		2864DF9F20EC1D0D00A72C47 /* sede.swift in Sources */ = {isa = PBXBuildFile; fileRef = 2864DF9E20EC1D0D00A72C47 /* sede.swift */; };
		2864DFA120ED27AA00A72C47 /* CarpetasViewController.swift in Sources */ = {isa = PBXBuildFile; fileRef = 2864DFA020ED27AA00A72C47 /* CarpetasViewController.swift */; };
		2864DFA320ED34D000A72C47 /* carpeta.swift in Sources */ = {isa = PBXBuildFile; fileRef = 2864DFA220ED34D000A72C47 /* carpeta.swift */; };
		2864DFA520ED49E200A72C47 /* ArchivosViewController.swift in Sources */ = {isa = PBXBuildFile; fileRef = 2864DFA420ED49E200A72C47 /* ArchivosViewController.swift */; };
		2864DFA720ED4CCD00A72C47 /* archivo.swift in Sources */ = {isa = PBXBuildFile; fileRef = 2864DFA620ED4CCD00A72C47 /* archivo.swift */; };
		28D75C4720DAB529001AF15F /* AppDelegate.swift in Sources */ = {isa = PBXBuildFile; fileRef = 28D75C4620DAB529001AF15F /* AppDelegate.swift */; };
		28D75C4920DAB529001AF15F /* ViewController.swift in Sources */ = {isa = PBXBuildFile; fileRef = 28D75C4820DAB529001AF15F /* ViewController.swift */; };
		28D75C4C20DAB529001AF15F /* Main.storyboard in Resources */ = {isa = PBXBuildFile; fileRef = 28D75C4A20DAB529001AF15F /* Main.storyboard */; };
		28D75C4F20DAB529001AF15F /* Dhamir.xcdatamodeld in Sources */ = {isa = PBXBuildFile; fileRef = 28D75C4D20DAB529001AF15F /* Dhamir.xcdatamodeld */; };
		28D75C5120DAB52A001AF15F /* Assets.xcassets in Resources */ = {isa = PBXBuildFile; fileRef = 28D75C5020DAB52A001AF15F /* Assets.xcassets */; };
		28D75C5420DAB52A001AF15F /* LaunchScreen.storyboard in Resources */ = {isa = PBXBuildFile; fileRef = 28D75C5220DAB52A001AF15F /* LaunchScreen.storyboard */; };
		28D75C6020DD5453001AF15F /* usuario.swift in Sources */ = {isa = PBXBuildFile; fileRef = 28D75C5F20DD5453001AF15F /* usuario.swift */; };
		28D75C6420E184F2001AF15F /* MenuPrincipalViewController.swift in Sources */ = {isa = PBXBuildFile; fileRef = 28D75C6320E184F2001AF15F /* MenuPrincipalViewController.swift */; };
		28D75C6620E29A3C001AF15F /* RegistrarViewController.swift in Sources */ = {isa = PBXBuildFile; fileRef = 28D75C6520E29A3C001AF15F /* RegistrarViewController.swift */; };
		28D75C6820E2A164001AF15F /* RegistrarFinalViewController.swift in Sources */ = {isa = PBXBuildFile; fileRef = 28D75C6720E2A164001AF15F /* RegistrarFinalViewController.swift */; };
		28D75C6A20E2AE03001AF15F /* validate.swift in Sources */ = {isa = PBXBuildFile; fileRef = 28D75C6920E2AE03001AF15F /* validate.swift */; };
		28D75C6C20E4049D001AF15F /* PerfilViewController.swift in Sources */ = {isa = PBXBuildFile; fileRef = 28D75C6B20E4049D001AF15F /* PerfilViewController.swift */; };
		28D75C6E20E4065F001AF15F /* ListUsuariosViewController.swift in Sources */ = {isa = PBXBuildFile; fileRef = 28D75C6D20E4065F001AF15F /* ListUsuariosViewController.swift */; };
		28D75C7020E43757001AF15F /* SedesViewController.swift in Sources */ = {isa = PBXBuildFile; fileRef = 28D75C6F20E43757001AF15F /* SedesViewController.swift */; };
		73543AD494AA37375C6ED12B /* Pods_Dhamir.framework in Frameworks */ = {isa = PBXBuildFile; fileRef = C55AC841D0637DDE75B8FB19 /* Pods_Dhamir.framework */; };
/* End PBXBuildFile section */

/* Begin PBXFileReference section */
		2864DF9E20EC1D0D00A72C47 /* sede.swift */ = {isa = PBXFileReference; lastKnownFileType = sourcecode.swift; path = sede.swift; sourceTree = "<group>"; };
		2864DFA020ED27AA00A72C47 /* CarpetasViewController.swift */ = {isa = PBXFileReference; lastKnownFileType = sourcecode.swift; path = CarpetasViewController.swift; sourceTree = "<group>"; };
		2864DFA220ED34D000A72C47 /* carpeta.swift */ = {isa = PBXFileReference; lastKnownFileType = sourcecode.swift; path = carpeta.swift; sourceTree = "<group>"; };
		2864DFA420ED49E200A72C47 /* ArchivosViewController.swift */ = {isa = PBXFileReference; lastKnownFileType = sourcecode.swift; path = ArchivosViewController.swift; sourceTree = "<group>"; };
		2864DFA620ED4CCD00A72C47 /* archivo.swift */ = {isa = PBXFileReference; lastKnownFileType = sourcecode.swift; path = archivo.swift; sourceTree = "<group>"; };
		28D75C4320DAB529001AF15F /* Dhamir.app */ = {isa = PBXFileReference; explicitFileType = wrapper.application; includeInIndex = 0; path = Dhamir.app; sourceTree = BUILT_PRODUCTS_DIR; };
		28D75C4620DAB529001AF15F /* AppDelegate.swift */ = {isa = PBXFileReference; lastKnownFileType = sourcecode.swift; path = AppDelegate.swift; sourceTree = "<group>"; };
		28D75C4820DAB529001AF15F /* ViewController.swift */ = {isa = PBXFileReference; lastKnownFileType = sourcecode.swift; path = ViewController.swift; sourceTree = "<group>"; };
		28D75C4B20DAB529001AF15F /* Base */ = {isa = PBXFileReference; lastKnownFileType = file.storyboard; name = Base; path = Base.lproj/Main.storyboard; sourceTree = "<group>"; };
		28D75C4E20DAB529001AF15F /* Dhamir.xcdatamodel */ = {isa = PBXFileReference; lastKnownFileType = wrapper.xcdatamodel; path = Dhamir.xcdatamodel; sourceTree = "<group>"; };
		28D75C5020DAB52A001AF15F /* Assets.xcassets */ = {isa = PBXFileReference; lastKnownFileType = folder.assetcatalog; path = Assets.xcassets; sourceTree = "<group>"; };
		28D75C5320DAB52A001AF15F /* Base */ = {isa = PBXFileReference; lastKnownFileType = file.storyboard; name = Base; path = Base.lproj/LaunchScreen.storyboard; sourceTree = "<group>"; };
		28D75C5520DAB52A001AF15F /* Info.plist */ = {isa = PBXFileReference; lastKnownFileType = text.plist.xml; path = Info.plist; sourceTree = "<group>"; };
		28D75C5F20DD5453001AF15F /* usuario.swift */ = {isa = PBXFileReference; lastKnownFileType = sourcecode.swift; path = usuario.swift; sourceTree = "<group>"; };
		28D75C6320E184F2001AF15F /* MenuPrincipalViewController.swift */ = {isa = PBXFileReference; lastKnownFileType = sourcecode.swift; path = MenuPrincipalViewController.swift; sourceTree = "<group>"; };
		28D75C6520E29A3C001AF15F /* RegistrarViewController.swift */ = {isa = PBXFileReference; lastKnownFileType = sourcecode.swift; path = RegistrarViewController.swift; sourceTree = "<group>"; };
		28D75C6720E2A164001AF15F /* RegistrarFinalViewController.swift */ = {isa = PBXFileReference; lastKnownFileType = sourcecode.swift; path = RegistrarFinalViewController.swift; sourceTree = "<group>"; };
		28D75C6920E2AE03001AF15F /* validate.swift */ = {isa = PBXFileReference; lastKnownFileType = sourcecode.swift; path = validate.swift; sourceTree = "<group>"; };
		28D75C6B20E4049D001AF15F /* PerfilViewController.swift */ = {isa = PBXFileReference; lastKnownFileType = sourcecode.swift; path = PerfilViewController.swift; sourceTree = "<group>"; };
		28D75C6D20E4065F001AF15F /* ListUsuariosViewController.swift */ = {isa = PBXFileReference; lastKnownFileType = sourcecode.swift; path = ListUsuariosViewController.swift; sourceTree = "<group>"; };
		28D75C6F20E43757001AF15F /* SedesViewController.swift */ = {isa = PBXFileReference; lastKnownFileType = sourcecode.swift; path = SedesViewController.swift; sourceTree = "<group>"; };
		A4C814F5EFF4189195DC06EF /* Pods-Dhamir.debug.xcconfig */ = {isa = PBXFileReference; includeInIndex = 1; lastKnownFileType = text.xcconfig; name = "Pods-Dhamir.debug.xcconfig"; path = "Pods/Target Support Files/Pods-Dhamir/Pods-Dhamir.debug.xcconfig"; sourceTree = "<group>"; };
		C55AC841D0637DDE75B8FB19 /* Pods_Dhamir.framework */ = {isa = PBXFileReference; explicitFileType = wrapper.framework; includeInIndex = 0; path = Pods_Dhamir.framework; sourceTree = BUILT_PRODUCTS_DIR; };
		DB84A30C95A13077A820731C /* Pods-Dhamir.release.xcconfig */ = {isa = PBXFileReference; includeInIndex = 1; lastKnownFileType = text.xcconfig; name = "Pods-Dhamir.release.xcconfig"; path = "Pods/Target Support Files/Pods-Dhamir/Pods-Dhamir.release.xcconfig"; sourceTree = "<group>"; };
/* End PBXFileReference section */

/* Begin PBXFrameworksBuildPhase section */
		28D75C4020DAB529001AF15F /* Frameworks */ = {
			isa = PBXFrameworksBuildPhase;
			buildActionMask = 2147483647;
			files = (
				73543AD494AA37375C6ED12B /* Pods_Dhamir.framework in Frameworks */,
			);
			runOnlyForDeploymentPostprocessing = 0;
		};
/* End PBXFrameworksBuildPhase section */

/* Begin PBXGroup section */
		0AD708E79EF4D097544D9F72 /* Pods */ = {
			isa = PBXGroup;
			children = (
				A4C814F5EFF4189195DC06EF /* Pods-Dhamir.debug.xcconfig */,
				DB84A30C95A13077A820731C /* Pods-Dhamir.release.xcconfig */,
			);
			name = Pods;
			sourceTree = "<group>";
		};
		28D75C3A20DAB529001AF15F = {
			isa = PBXGroup;
			children = (
				28D75C4520DAB529001AF15F /* Dhamir */,
				28D75C4420DAB529001AF15F /* Products */,
				0AD708E79EF4D097544D9F72 /* Pods */,
				9BA6D84DD3D8178C0F4FC3FA /* Frameworks */,
			);
			sourceTree = "<group>";
		};
		28D75C4420DAB529001AF15F /* Products */ = {
			isa = PBXGroup;
			children = (
				28D75C4320DAB529001AF15F /* Dhamir.app */,
			);
			name = Products;
			sourceTree = "<group>";
		};
		28D75C4520DAB529001AF15F /* Dhamir */ = {
			isa = PBXGroup;
			children = (
				28D75C4620DAB529001AF15F /* AppDelegate.swift */,
				28D75C4820DAB529001AF15F /* ViewController.swift */,
				28D75C4A20DAB529001AF15F /* Main.storyboard */,
				28D75C5020DAB52A001AF15F /* Assets.xcassets */,
				28D75C5220DAB52A001AF15F /* LaunchScreen.storyboard */,
				28D75C5520DAB52A001AF15F /* Info.plist */,
				28D75C4D20DAB529001AF15F /* Dhamir.xcdatamodeld */,
				28D75C5F20DD5453001AF15F /* usuario.swift */,
				28D75C6320E184F2001AF15F /* MenuPrincipalViewController.swift */,
				28D75C6520E29A3C001AF15F /* RegistrarViewController.swift */,
				28D75C6720E2A164001AF15F /* RegistrarFinalViewController.swift */,
				28D75C6920E2AE03001AF15F /* validate.swift */,
				28D75C6B20E4049D001AF15F /* PerfilViewController.swift */,
				28D75C6D20E4065F001AF15F /* ListUsuariosViewController.swift */,
				28D75C6F20E43757001AF15F /* SedesViewController.swift */,
				2864DF9E20EC1D0D00A72C47 /* sede.swift */,
				2864DFA020ED27AA00A72C47 /* CarpetasViewController.swift */,
				2864DFA220ED34D000A72C47 /* carpeta.swift */,
				2864DFA420ED49E200A72C47 /* ArchivosViewController.swift */,
				2864DFA620ED4CCD00A72C47 /* archivo.swift */,
			);
			path = Dhamir;
			sourceTree = "<group>";
		};
		9BA6D84DD3D8178C0F4FC3FA /* Frameworks */ = {
			isa = PBXGroup;
			children = (
				C55AC841D0637DDE75B8FB19 /* Pods_Dhamir.framework */,
			);
			name = Frameworks;
			sourceTree = "<group>";
		};
/* End PBXGroup section */

/* Begin PBXNativeTarget section */
		28D75C4220DAB529001AF15F /* Dhamir */ = {
			isa = PBXNativeTarget;
			buildConfigurationList = 28D75C5820DAB52A001AF15F /* Build configuration list for PBXNativeTarget "Dhamir" */;
			buildPhases = (
				567C8CF04444361C662EBC54 /* [CP] Check Pods Manifest.lock */,
				28D75C3F20DAB529001AF15F /* Sources */,
				28D75C4020DAB529001AF15F /* Frameworks */,
				28D75C4120DAB529001AF15F /* Resources */,
				82E30BE1D4A8E43EAFD5769B /* [CP] Embed Pods Frameworks */,
			);
			buildRules = (
			);
			dependencies = (
			);
			name = Dhamir;
			productName = Dhamir;
			productReference = 28D75C4320DAB529001AF15F /* Dhamir.app */;
			productType = "com.apple.product-type.application";
		};
/* End PBXNativeTarget section */

/* Begin PBXProject section */
		28D75C3B20DAB529001AF15F /* Project object */ = {
			isa = PBXProject;
			attributes = {
				LastSwiftUpdateCheck = 0930;
				LastUpgradeCheck = 0930;
				ORGANIZATIONNAME = tecsup;
				TargetAttributes = {
					28D75C4220DAB529001AF15F = {
						CreatedOnToolsVersion = 9.3;
					};
				};
			};
			buildConfigurationList = 28D75C3E20DAB529001AF15F /* Build configuration list for PBXProject "Dhamir" */;
			compatibilityVersion = "Xcode 9.3";
			developmentRegion = en;
			hasScannedForEncodings = 0;
			knownRegions = (
				en,
				Base,
			);
			mainGroup = 28D75C3A20DAB529001AF15F;
			productRefGroup = 28D75C4420DAB529001AF15F /* Products */;
			projectDirPath = "";
			projectRoot = "";
			targets = (
				28D75C4220DAB529001AF15F /* Dhamir */,
			);
		};
/* End PBXProject section */

/* Begin PBXResourcesBuildPhase section */
		28D75C4120DAB529001AF15F /* Resources */ = {
			isa = PBXResourcesBuildPhase;
			buildActionMask = 2147483647;
			files = (
				28D75C5420DAB52A001AF15F /* LaunchScreen.storyboard in Resources */,
				28D75C5120DAB52A001AF15F /* Assets.xcassets in Resources */,
				28D75C4C20DAB529001AF15F /* Main.storyboard in Resources */,
			);
			runOnlyForDeploymentPostprocessing = 0;
		};
/* End PBXResourcesBuildPhase section */

/* Begin PBXShellScriptBuildPhase section */
		567C8CF04444361C662EBC54 /* [CP] Check Pods Manifest.lock */ = {
			isa = PBXShellScriptBuildPhase;
			buildActionMask = 2147483647;
			files = (
			);
			inputPaths = (
				"${PODS_PODFILE_DIR_PATH}/Podfile.lock",
				"${PODS_ROOT}/Manifest.lock",
			);
			name = "[CP] Check Pods Manifest.lock";
			outputPaths = (
				"$(DERIVED_FILE_DIR)/Pods-Dhamir-checkManifestLockResult.txt",
			);
			runOnlyForDeploymentPostprocessing = 0;
			shellPath = /bin/sh;
			shellScript = "diff \"${PODS_PODFILE_DIR_PATH}/Podfile.lock\" \"${PODS_ROOT}/Manifest.lock\" > /dev/null\nif [ $? != 0 ] ; then\n    # print error to STDERR\n    echo \"error: The sandbox is not in sync with the Podfile.lock. Run 'pod install' or update your CocoaPods installation.\" >&2\n    exit 1\nfi\n# This output is used by Xcode 'outputs' to avoid re-running this script phase.\necho \"SUCCESS\" > \"${SCRIPT_OUTPUT_FILE_0}\"\n";
			showEnvVarsInLog = 0;
		};
		82E30BE1D4A8E43EAFD5769B /* [CP] Embed Pods Frameworks */ = {
			isa = PBXShellScriptBuildPhase;
			buildActionMask = 2147483647;
			files = (
			);
			inputPaths = (
				"${SRCROOT}/Pods/Target Support Files/Pods-Dhamir/Pods-Dhamir-frameworks.sh",
				"${BUILT_PRODUCTS_DIR}/UTIKit/UTIKit.framework",
			);
			name = "[CP] Embed Pods Frameworks";
			outputPaths = (
				"${TARGET_BUILD_DIR}/${FRAMEWORKS_FOLDER_PATH}/UTIKit.framework",
			);
			runOnlyForDeploymentPostprocessing = 0;
			shellPath = /bin/sh;
			shellScript = "\"${SRCROOT}/Pods/Target Support Files/Pods-Dhamir/Pods-Dhamir-frameworks.sh\"\n";
			showEnvVarsInLog = 0;
		};
/* End PBXShellScriptBuildPhase section */

/* Begin PBXSourcesBuildPhase section */
		28D75C3F20DAB529001AF15F /* Sources */ = {
			isa = PBXSourcesBuildPhase;
			buildActionMask = 2147483647;
			files = (
				28D75C6820E2A164001AF15F /* RegistrarFinalViewController.swift in Sources */,
				2864DFA120ED27AA00A72C47 /* CarpetasViewController.swift in Sources */,
				28D75C6420E184F2001AF15F /* MenuPrincipalViewController.swift in Sources */,
				28D75C7020E43757001AF15F /* SedesViewController.swift in Sources */,
				2864DFA720ED4CCD00A72C47 /* archivo.swift in Sources */,
				2864DFA320ED34D000A72C47 /* carpeta.swift in Sources */,
				28D75C6020DD5453001AF15F /* usuario.swift in Sources */,
				2864DFA520ED49E200A72C47 /* ArchivosViewController.swift in Sources */,
				28D75C6C20E4049D001AF15F /* PerfilViewController.swift in Sources */,
				28D75C6A20E2AE03001AF15F /* validate.swift in Sources */,
				28D75C4920DAB529001AF15F /* ViewController.swift in Sources */,
				28D75C4720DAB529001AF15F /* AppDelegate.swift in Sources */,
				28D75C6620E29A3C001AF15F /* RegistrarViewController.swift in Sources */,
				28D75C6E20E4065F001AF15F /* ListUsuariosViewController.swift in Sources */,
				2864DF9F20EC1D0D00A72C47 /* sede.swift in Sources */,
				28D75C4F20DAB529001AF15F /* Dhamir.xcdatamodeld in Sources */,
			);
			runOnlyForDeploymentPostprocessing = 0;
		};
/* End PBXSourcesBuildPhase section */

/* Begin PBXVariantGroup section */
		28D75C4A20DAB529001AF15F /* Main.storyboard */ = {
			isa = PBXVariantGroup;
			children = (
				28D75C4B20DAB529001AF15F /* Base */,
			);
			name = Main.storyboard;
			sourceTree = "<group>";
		};
		28D75C5220DAB52A001AF15F /* LaunchScreen.storyboard */ = {
			isa = PBXVariantGroup;
			children = (
				28D75C5320DAB52A001AF15F /* Base */,
			);
			name = LaunchScreen.storyboard;
			sourceTree = "<group>";
		};
/* End PBXVariantGroup section */

/* Begin XCBuildConfiguration section */
		28D75C5620DAB52A001AF15F /* Debug */ = {
			isa = XCBuildConfiguration;
			buildSettings = {
				ALWAYS_SEARCH_USER_PATHS = NO;
				CLANG_ANALYZER_NONNULL = YES;
				CLANG_ANALYZER_NUMBER_OBJECT_CONVERSION = YES_AGGRESSIVE;
				CLANG_CXX_LANGUAGE_STANDARD = "gnu++14";
				CLANG_CXX_LIBRARY = "libc++";
				CLANG_ENABLE_MODULES = YES;
				CLANG_ENABLE_OBJC_ARC = YES;
				CLANG_ENABLE_OBJC_WEAK = YES;
				CLANG_WARN_BLOCK_CAPTURE_AUTORELEASING = YES;
				CLANG_WARN_BOOL_CONVERSION = YES;
				CLANG_WARN_COMMA = YES;
				CLANG_WARN_CONSTANT_CONVERSION = YES;
				CLANG_WARN_DEPRECATED_OBJC_IMPLEMENTATIONS = YES;
				CLANG_WARN_DIRECT_OBJC_ISA_USAGE = YES_ERROR;
				CLANG_WARN_DOCUMENTATION_COMMENTS = YES;
				CLANG_WARN_EMPTY_BODY = YES;
				CLANG_WARN_ENUM_CONVERSION = YES;
				CLANG_WARN_INFINITE_RECURSION = YES;
				CLANG_WARN_INT_CONVERSION = YES;
				CLANG_WARN_NON_LITERAL_NULL_CONVERSION = YES;
				CLANG_WARN_OBJC_IMPLICIT_RETAIN_SELF = YES;
				CLANG_WARN_OBJC_LITERAL_CONVERSION = YES;
				CLANG_WARN_OBJC_ROOT_CLASS = YES_ERROR;
				CLANG_WARN_RANGE_LOOP_ANALYSIS = YES;
				CLANG_WARN_STRICT_PROTOTYPES = YES;
				CLANG_WARN_SUSPICIOUS_MOVE = YES;
				CLANG_WARN_UNGUARDED_AVAILABILITY = YES_AGGRESSIVE;
				CLANG_WARN_UNREACHABLE_CODE = YES;
				CLANG_WARN__DUPLICATE_METHOD_MATCH = YES;
				CODE_SIGN_IDENTITY = "iPhone Developer";
				COPY_PHASE_STRIP = NO;
				DEBUG_INFORMATION_FORMAT = dwarf;
				ENABLE_STRICT_OBJC_MSGSEND = YES;
				ENABLE_TESTABILITY = YES;
				GCC_C_LANGUAGE_STANDARD = gnu11;
				GCC_DYNAMIC_NO_PIC = NO;
				GCC_NO_COMMON_BLOCKS = YES;
				GCC_OPTIMIZATION_LEVEL = 0;
				GCC_PREPROCESSOR_DEFINITIONS = (
					"DEBUG=1",
					"$(inherited)",
				);
				GCC_WARN_64_TO_32_BIT_CONVERSION = YES;
				GCC_WARN_ABOUT_RETURN_TYPE = YES_ERROR;
				GCC_WARN_UNDECLARED_SELECTOR = YES;
				GCC_WARN_UNINITIALIZED_AUTOS = YES_AGGRESSIVE;
				GCC_WARN_UNUSED_FUNCTION = YES;
				GCC_WARN_UNUSED_VARIABLE = YES;
				IPHONEOS_DEPLOYMENT_TARGET = 11.3;
				MTL_ENABLE_DEBUG_INFO = YES;
				ONLY_ACTIVE_ARCH = YES;
				SDKROOT = iphoneos;
				SWIFT_ACTIVE_COMPILATION_CONDITIONS = DEBUG;
				SWIFT_OPTIMIZATION_LEVEL = "-Onone";
			};
			name = Debug;
		};
		28D75C5720DAB52A001AF15F /* Release */ = {
			isa = XCBuildConfiguration;
			buildSettings = {
				ALWAYS_SEARCH_USER_PATHS = NO;
				CLANG_ANALYZER_NONNULL = YES;
				CLANG_ANALYZER_NUMBER_OBJECT_CONVERSION = YES_AGGRESSIVE;
				CLANG_CXX_LANGUAGE_STANDARD = "gnu++14";
				CLANG_CXX_LIBRARY = "libc++";
				CLANG_ENABLE_MODULES = YES;
				CLANG_ENABLE_OBJC_ARC = YES;
				CLANG_ENABLE_OBJC_WEAK = YES;
				CLANG_WARN_BLOCK_CAPTURE_AUTORELEASING = YES;
				CLANG_WARN_BOOL_CONVERSION = YES;
				CLANG_WARN_COMMA = YES;
				CLANG_WARN_CONSTANT_CONVERSION = YES;
				CLANG_WARN_DEPRECATED_OBJC_IMPLEMENTATIONS = YES;
				CLANG_WARN_DIRECT_OBJC_ISA_USAGE = YES_ERROR;
				CLANG_WARN_DOCUMENTATION_COMMENTS = YES;
				CLANG_WARN_EMPTY_BODY = YES;
				CLANG_WARN_ENUM_CONVERSION = YES;
				CLANG_WARN_INFINITE_RECURSION = YES;
				CLANG_WARN_INT_CONVERSION = YES;
				CLANG_WARN_NON_LITERAL_NULL_CONVERSION = YES;
				CLANG_WARN_OBJC_IMPLICIT_RETAIN_SELF = YES;
				CLANG_WARN_OBJC_LITERAL_CONVERSION = YES;
				CLANG_WARN_OBJC_ROOT_CLASS = YES_ERROR;
				CLANG_WARN_RANGE_LOOP_ANALYSIS = YES;
				CLANG_WARN_STRICT_PROTOTYPES = YES;
				CLANG_WARN_SUSPICIOUS_MOVE = YES;
				CLANG_WARN_UNGUARDED_AVAILABILITY = YES_AGGRESSIVE;
				CLANG_WARN_UNREACHABLE_CODE = YES;
				CLANG_WARN__DUPLICATE_METHOD_MATCH = YES;
				CODE_SIGN_IDENTITY = "iPhone Developer";
				COPY_PHASE_STRIP = NO;
				DEBUG_INFORMATION_FORMAT = "dwarf-with-dsym";
				ENABLE_NS_ASSERTIONS = NO;
				ENABLE_STRICT_OBJC_MSGSEND = YES;
				GCC_C_LANGUAGE_STANDARD = gnu11;
				GCC_NO_COMMON_BLOCKS = YES;
				GCC_WARN_64_TO_32_BIT_CONVERSION = YES;
				GCC_WARN_ABOUT_RETURN_TYPE = YES_ERROR;
				GCC_WARN_UNDECLARED_SELECTOR = YES;
				GCC_WARN_UNINITIALIZED_AUTOS = YES_AGGRESSIVE;
				GCC_WARN_UNUSED_FUNCTION = YES;
				GCC_WARN_UNUSED_VARIABLE = YES;
				IPHONEOS_DEPLOYMENT_TARGET = 11.3;
				MTL_ENABLE_DEBUG_INFO = NO;
				SDKROOT = iphoneos;
				SWIFT_COMPILATION_MODE = wholemodule;
				SWIFT_OPTIMIZATION_LEVEL = "-O";
				VALIDATE_PRODUCT = YES;
			};
			name = Release;
		};
		28D75C5920DAB52A001AF15F /* Debug */ = {
			isa = XCBuildConfiguration;
			baseConfigurationReference = A4C814F5EFF4189195DC06EF /* Pods-Dhamir.debug.xcconfig */;
			buildSettings = {
				ASSETCATALOG_COMPILER_APPICON_NAME = AppIcon;
				CODE_SIGN_STYLE = Automatic;
				DEVELOPMENT_TEAM = TNB7449737;
				INFOPLIST_FILE = Dhamir/Info.plist;
				LD_RUNPATH_SEARCH_PATHS = (
					"$(inherited)",
					"@executable_path/Frameworks",
				);
				PRODUCT_BUNDLE_IDENTIFIER = com.jesus.Dhamir;
				PRODUCT_NAME = "$(TARGET_NAME)";
				SWIFT_VERSION = 4.0;
				TARGETED_DEVICE_FAMILY = "1,2";
			};
			name = Debug;
		};
		28D75C5A20DAB52A001AF15F /* Release */ = {
			isa = XCBuildConfiguration;
			baseConfigurationReference = DB84A30C95A13077A820731C /* Pods-Dhamir.release.xcconfig */;
			buildSettings = {
				ASSETCATALOG_COMPILER_APPICON_NAME = AppIcon;
				CODE_SIGN_STYLE = Automatic;
				DEVELOPMENT_TEAM = TNB7449737;
				INFOPLIST_FILE = Dhamir/Info.plist;
				LD_RUNPATH_SEARCH_PATHS = (
					"$(inherited)",
					"@executable_path/Frameworks",
				);
				PRODUCT_BUNDLE_IDENTIFIER = com.jesus.Dhamir;
				PRODUCT_NAME = "$(TARGET_NAME)";
				SWIFT_VERSION = 4.0;
				TARGETED_DEVICE_FAMILY = "1,2";
			};
			name = Release;
		};
/* End XCBuildConfiguration section */

/* Begin XCConfigurationList section */
		28D75C3E20DAB529001AF15F /* Build configuration list for PBXProject "Dhamir" */ = {
			isa = XCConfigurationList;
			buildConfigurations = (
				28D75C5620DAB52A001AF15F /* Debug */,
				28D75C5720DAB52A001AF15F /* Release */,
			);
			defaultConfigurationIsVisible = 0;
			defaultConfigurationName = Release;
		};
		28D75C5820DAB52A001AF15F /* Build configuration list for PBXNativeTarget "Dhamir" */ = {
			isa = XCConfigurationList;
			buildConfigurations = (
				28D75C5920DAB52A001AF15F /* Debug */,
				28D75C5A20DAB52A001AF15F /* Release */,
			);
			defaultConfigurationIsVisible = 0;
			defaultConfigurationName = Release;
		};
/* End XCConfigurationList section */

/* Begin XCVersionGroup section */
		28D75C4D20DAB529001AF15F /* Dhamir.xcdatamodeld */ = {
			isa = XCVersionGroup;
			children = (
				28D75C4E20DAB529001AF15F /* Dhamir.xcdatamodel */,
			);
			currentVersion = 28D75C4E20DAB529001AF15F /* Dhamir.xcdatamodel */;
			path = Dhamir.xcdatamodeld;
			sourceTree = "<group>";
			versionGroupType = wrapper.xcdatamodel;
		};
/* End XCVersionGroup section */
	};
	rootObject = 28D75C3B20DAB529001AF15F /* Project object */;
}
